
Microsoft Visual Studio Solution File, Format Version 12.00
# Visual Studio 2012
Project("{FAE04EC0-301F-11D3-BF4B-00C04F79EFBC}") = "Aplicacion.CajeroAutomatico", "Aplicacion.CajeroAutomatico\Aplicacion.CajeroAutomatico.csproj", "{0550FD0C-9F54-4403-87B8-5D1C07C7401C}"
EndProject
Global
	GlobalSection(SolutionConfigurationPlatforms) = preSolution
		Debug|Any CPU = Debug|Any CPU
		Release|Any CPU = Release|Any CPU
	EndGlobalSection
	GlobalSection(ProjectConfigurationPlatforms) = postSolution
		{0550FD0C-9F54-4403-87B8-5D1C07C7401C}.Debug|Any CPU.ActiveCfg = Debug|Any CPU
		{0550FD0C-9F54-4403-87B8-5D1C07C7401C}.Debug|Any CPU.Build.0 = Debug|Any CPU
		{0550FD0C-9F54-4403-87B8-5D1C07C7401C}.Release|Any CPU.ActiveCfg = Release|Any CPU
		{0550FD0C-9F54-4403-87B8-5D1C07C7401C}.Release|Any CPU.Build.0 = Release|Any CPU
	EndGlobalSection
	GlobalSection(SolutionProperties) = preSolution
		HideSolutionNode = FALSE
	EndGlobalSection
EndGlobal
